
Microsoft Visual Studio Solution File, Format Version 12.00
# Visual Studio Version 17
VisualStudioVersion = 17.10.35004.147
MinimumVisualStudioVersion = 10.0.40219.1
Project("{FAE04EC0-301F-11D3-BF4B-00C04F79EFBC}") = "Fibonacci Sequence", "Fibonacci Sequence.csproj", "{B29774DE-CFEE-4CDE-96F1-33BBBCFAD475}"
EndProject
Global
	GlobalSection(SolutionConfigurationPlatforms) = preSolution
		Debug|Any CPU = Debug|Any CPU
		Release|Any CPU = Release|Any CPU
	EndGlobalSection
	GlobalSection(ProjectConfigurationPlatforms) = postSolution
		{B29774DE-CFEE-4CDE-96F1-33BBBCFAD475}.Debug|Any CPU.ActiveCfg = Debug|Any CPU
		{B29774DE-CFEE-4CDE-96F1-33BBBCFAD475}.Debug|Any CPU.Build.0 = Debug|Any CPU
		{B29774DE-CFEE-4CDE-96F1-33BBBCFAD475}.Release|Any CPU.ActiveCfg = Release|Any CPU
		{B29774DE-CFEE-4CDE-96F1-33BBBCFAD475}.Release|Any CPU.Build.0 = Release|Any CPU
	EndGlobalSection
	GlobalSection(SolutionProperties) = preSolution
		HideSolutionNode = FALSE
	EndGlobalSection
	GlobalSection(ExtensibilityGlobals) = postSolution
		SolutionGuid = {733220DD-CC3F-4232-A74F-63AE01AA9E85}
	EndGlobalSection
EndGlobal
